
Microsoft Visual Studio Solution File, Format Version 12.00
# Visual Studio 15
VisualStudioVersion = 15.0.28010.2003
MinimumVisualStudioVersion = 10.0.40219.1
Project("{FAE04EC0-301F-11D3-BF4B-00C04F79EFBC}") = "ProbToPdf", "ProbToPdf\ProbToPdf.csproj", "{22A0B792-A7BD-4AAA-996E-98E57A08BA25}"
EndProject
Global
	GlobalSection(SolutionConfigurationPlatforms) = preSolution
		Debug|Any CPU = Debug|Any CPU
		Release|Any CPU = Release|Any CPU
	EndGlobalSection
	GlobalSection(ProjectConfigurationPlatforms) = postSolution
		{22A0B792-A7BD-4AAA-996E-98E57A08BA25}.Debug|Any CPU.ActiveCfg = Debug|Any CPU
		{22A0B792-A7BD-4AAA-996E-98E57A08BA25}.Debug|Any CPU.Build.0 = Debug|Any CPU
		{22A0B792-A7BD-4AAA-996E-98E57A08BA25}.Release|Any CPU.ActiveCfg = Release|Any CPU
		{22A0B792-A7BD-4AAA-996E-98E57A08BA25}.Release|Any CPU.Build.0 = Release|Any CPU
	EndGlobalSection
	GlobalSection(SolutionProperties) = preSolution
		HideSolutionNode = FALSE
	EndGlobalSection
	GlobalSection(ExtensibilityGlobals) = postSolution
		SolutionGuid = {E4D26F86-AC00-40E0-9F1E-BB1800E812C6}
	EndGlobalSection
EndGlobal
